{
	"name": "fake-ts-project",
	"lockfileVersion": 2,
	"requires": true,
	"packages": {
		"": {
			"devDependencies": {
				"typescript": "3.7.5"
			}
		},
		"node_modules/typescript": {
			"version": "3.7.5",
			"resolved": "https://repox.jfrog.io/repox/api/npm/npm/typescript/-/typescript-3.7.5.tgz",
			"integrity": "sha1-BpLiH2X9QQi5MwI4qsEd0uF3oa4=",
			"dev": true,
			"license": "Apache-2.0",
			"bin": {
				"tsc": "bin/tsc",
				"tsserver": "bin/tsserver"
			},
			"engines": {
				"node": ">=4.2.0"
			}
		}
	},
	"dependencies": {
		"typescript": {
			"version": "3.7.5",
			"resolved": "https://repox.jfrog.io/repox/api/npm/npm/typescript/-/typescript-3.7.5.tgz",
			"integrity": "sha1-BpLiH2X9QQi5MwI4qsEd0uF3oa4=",
			"dev": true
		}
	}
}
