{
	"name": "fake-ts-project",
	"lockfileVersion": 3,
	"requires": true,
	"packages": {
		"": {
			"devDependencies": {
				"typescript": "3.7.5"
			}
		},
		"node_modules/typescript": {
			"version": "3.7.5",
			"resolved": "https://repox.jfrog.io/artifactory/api/npm/npm/typescript/-/typescript-3.7.5.tgz",
			"integrity": "sha512-/P5lkRXkWHNAbcJIiHPfRoKqyd7bsyCma1hZNUGfn20qm64T6ZBlrzprymeu918H+mB/0rIg2gGK/BXkhhYgBw==",
			"dev": true,
			"bin": {
				"tsc": "bin/tsc",
				"tsserver": "bin/tsserver"
			},
			"engines": {
				"node": ">=4.2.0"
			}
		}
	}
}
